
Microsoft Visual Studio Solution File, Format Version 12.00
# Visual Studio Version 17
VisualStudioVersion = 17.1.32228.430
MinimumVisualStudioVersion = 10.0.40219.1
Project("{FAE04EC0-301F-11D3-BF4B-00C04F79EFBC}") = "Examen1APPMau.Android", "Examen1APPMau\Examen1APPMau.Android\Examen1APPMau.Android.csproj", "{B0150D9B-85AA-4B38-8643-CEC7919485C7}"
EndProject
Project("{FAE04EC0-301F-11D3-BF4B-00C04F79EFBC}") = "Examen1APPMau.iOS", "Examen1APPMau\Examen1APPMau.iOS\Examen1APPMau.iOS.csproj", "{3B5EA04E-3195-4EE3-9EFC-ECBFEFE1E3B9}"
EndProject
Project("{FAE04EC0-301F-11D3-BF4B-00C04F79EFBC}") = "Examen1APPMau", "Examen1APPMau\Examen1APPMau\Examen1APPMau.csproj", "{A011599B-9A63-4D51-8663-9996857CCFD5}"
EndProject
Global
	GlobalSection(SolutionConfigurationPlatforms) = preSolution
		Debug|Any CPU = Debug|Any CPU
		Debug|iPhone = Debug|iPhone
		Debug|iPhoneSimulator = Debug|iPhoneSimulator
		Release|Any CPU = Release|Any CPU
		Release|iPhone = Release|iPhone
		Release|iPhoneSimulator = Release|iPhoneSimulator
	EndGlobalSection
	GlobalSection(ProjectConfigurationPlatforms) = postSolution
		{B0150D9B-85AA-4B38-8643-CEC7919485C7}.Debug|Any CPU.ActiveCfg = Debug|Any CPU
		{B0150D9B-85AA-4B38-8643-CEC7919485C7}.Debug|Any CPU.Build.0 = Debug|Any CPU
		{B0150D9B-85AA-4B38-8643-CEC7919485C7}.Debug|Any CPU.Deploy.0 = Debug|Any CPU
		{B0150D9B-85AA-4B38-8643-CEC7919485C7}.Debug|iPhone.ActiveCfg = Debug|Any CPU
		{B0150D9B-85AA-4B38-8643-CEC7919485C7}.Debug|iPhone.Build.0 = Debug|Any CPU
		{B0150D9B-85AA-4B38-8643-CEC7919485C7}.Debug|iPhone.Deploy.0 = Debug|Any CPU
		{B0150D9B-85AA-4B38-8643-CEC7919485C7}.Debug|iPhoneSimulator.ActiveCfg = Debug|Any CPU
		{B0150D9B-85AA-4B38-8643-CEC7919485C7}.Debug|iPhoneSimulator.Build.0 = Debug|Any CPU
		{B0150D9B-85AA-4B38-8643-CEC7919485C7}.Debug|iPhoneSimulator.Deploy.0 = Debug|Any CPU
		{B0150D9B-85AA-4B38-8643-CEC7919485C7}.Release|Any CPU.ActiveCfg = Release|Any CPU
		{B0150D9B-85AA-4B38-8643-CEC7919485C7}.Release|Any CPU.Build.0 = Release|Any CPU
		{B0150D9B-85AA-4B38-8643-CEC7919485C7}.Release|Any CPU.Deploy.0 = Release|Any CPU
		{B0150D9B-85AA-4B38-8643-CEC7919485C7}.Release|iPhone.ActiveCfg = Release|Any CPU
		{B0150D9B-85AA-4B38-8643-CEC7919485C7}.Release|iPhone.Build.0 = Release|Any CPU
		{B0150D9B-85AA-4B38-8643-CEC7919485C7}.Release|iPhone.Deploy.0 = Release|Any CPU
		{B0150D9B-85AA-4B38-8643-CEC7919485C7}.Release|iPhoneSimulator.ActiveCfg = Release|Any CPU
		{B0150D9B-85AA-4B38-8643-CEC7919485C7}.Release|iPhoneSimulator.Build.0 = Release|Any CPU
		{B0150D9B-85AA-4B38-8643-CEC7919485C7}.Release|iPhoneSimulator.Deploy.0 = Release|Any CPU
		{3B5EA04E-3195-4EE3-9EFC-ECBFEFE1E3B9}.Debug|Any CPU.ActiveCfg = Debug|iPhone
		{3B5EA04E-3195-4EE3-9EFC-ECBFEFE1E3B9}.Debug|Any CPU.Build.0 = Debug|iPhone
		{3B5EA04E-3195-4EE3-9EFC-ECBFEFE1E3B9}.Debug|Any CPU.Deploy.0 = Debug|iPhone
		{3B5EA04E-3195-4EE3-9EFC-ECBFEFE1E3B9}.Debug|iPhone.ActiveCfg = Debug|iPhone
		{3B5EA04E-3195-4EE3-9EFC-ECBFEFE1E3B9}.Debug|iPhone.Build.0 = Debug|iPhone
		{3B5EA04E-3195-4EE3-9EFC-ECBFEFE1E3B9}.Debug|iPhone.Deploy.0 = Debug|iPhone
		{3B5EA04E-3195-4EE3-9EFC-ECBFEFE1E3B9}.Debug|iPhoneSimulator.ActiveCfg = Debug|iPhoneSimulator
		{3B5EA04E-3195-4EE3-9EFC-ECBFEFE1E3B9}.Debug|iPhoneSimulator.Build.0 = Debug|iPhoneSimulator
		{3B5EA04E-3195-4EE3-9EFC-ECBFEFE1E3B9}.Debug|iPhoneSimulator.Deploy.0 = Debug|iPhoneSimulator
		{3B5EA04E-3195-4EE3-9EFC-ECBFEFE1E3B9}.Release|Any CPU.ActiveCfg = Release|iPhoneSimulator
		{3B5EA04E-3195-4EE3-9EFC-ECBFEFE1E3B9}.Release|Any CPU.Build.0 = Release|iPhoneSimulator
		{3B5EA04E-3195-4EE3-9EFC-ECBFEFE1E3B9}.Release|Any CPU.Deploy.0 = Release|iPhoneSimulator
		{3B5EA04E-3195-4EE3-9EFC-ECBFEFE1E3B9}.Release|iPhone.ActiveCfg = Release|iPhone
		{3B5EA04E-3195-4EE3-9EFC-ECBFEFE1E3B9}.Release|iPhone.Build.0 = Release|iPhone
		{3B5EA04E-3195-4EE3-9EFC-ECBFEFE1E3B9}.Release|iPhone.Deploy.0 = Release|iPhone
		{3B5EA04E-3195-4EE3-9EFC-ECBFEFE1E3B9}.Release|iPhoneSimulator.ActiveCfg = Release|iPhoneSimulator
		{3B5EA04E-3195-4EE3-9EFC-ECBFEFE1E3B9}.Release|iPhoneSimulator.Build.0 = Release|iPhoneSimulator
		{3B5EA04E-3195-4EE3-9EFC-ECBFEFE1E3B9}.Release|iPhoneSimulator.Deploy.0 = Release|iPhoneSimulator
		{A011599B-9A63-4D51-8663-9996857CCFD5}.Debug|Any CPU.ActiveCfg = Debug|Any CPU
		{A011599B-9A63-4D51-8663-9996857CCFD5}.Debug|Any CPU.Build.0 = Debug|Any CPU
		{A011599B-9A63-4D51-8663-9996857CCFD5}.Debug|Any CPU.Deploy.0 = Debug|Any CPU
		{A011599B-9A63-4D51-8663-9996857CCFD5}.Debug|iPhone.ActiveCfg = Debug|Any CPU
		{A011599B-9A63-4D51-8663-9996857CCFD5}.Debug|iPhone.Build.0 = Debug|Any CPU
		{A011599B-9A63-4D51-8663-9996857CCFD5}.Debug|iPhone.Deploy.0 = Debug|Any CPU
		{A011599B-9A63-4D51-8663-9996857CCFD5}.Debug|iPhoneSimulator.ActiveCfg = Debug|Any CPU
		{A011599B-9A63-4D51-8663-9996857CCFD5}.Debug|iPhoneSimulator.Build.0 = Debug|Any CPU
		{A011599B-9A63-4D51-8663-9996857CCFD5}.Debug|iPhoneSimulator.Deploy.0 = Debug|Any CPU
		{A011599B-9A63-4D51-8663-9996857CCFD5}.Release|Any CPU.ActiveCfg = Release|Any CPU
		{A011599B-9A63-4D51-8663-9996857CCFD5}.Release|Any CPU.Build.0 = Release|Any CPU
		{A011599B-9A63-4D51-8663-9996857CCFD5}.Release|Any CPU.Deploy.0 = Release|Any CPU
		{A011599B-9A63-4D51-8663-9996857CCFD5}.Release|iPhone.ActiveCfg = Release|Any CPU
		{A011599B-9A63-4D51-8663-9996857CCFD5}.Release|iPhone.Build.0 = Release|Any CPU
		{A011599B-9A63-4D51-8663-9996857CCFD5}.Release|iPhone.Deploy.0 = Release|Any CPU
		{A011599B-9A63-4D51-8663-9996857CCFD5}.Release|iPhoneSimulator.ActiveCfg = Release|Any CPU
		{A011599B-9A63-4D51-8663-9996857CCFD5}.Release|iPhoneSimulator.Build.0 = Release|Any CPU
		{A011599B-9A63-4D51-8663-9996857CCFD5}.Release|iPhoneSimulator.Deploy.0 = Release|Any CPU
	EndGlobalSection
	GlobalSection(SolutionProperties) = preSolution
		HideSolutionNode = FALSE
	EndGlobalSection
	GlobalSection(ExtensibilityGlobals) = postSolution
		SolutionGuid = {08133682-6144-4C2B-BDCF-35BA152238C8}
	EndGlobalSection
EndGlobal
